
Microsoft Visual Studio Solution File, Format Version 12.00
# Visual Studio Version 16
VisualStudioVersion = 16.0.31702.278
MinimumVisualStudioVersion = 10.0.40219.1
Project("{FAE04EC0-301F-11D3-BF4B-00C04F79EFBC}") = "MigracaoDeDados", "MigracaoDeDados\MigracaoDeDados.csproj", "{E6ABFFFC-5025-478B-960C-FADF49EFFCE3}"
EndProject
Project("{2150E333-8FDC-42A3-9474-1A3956D46DE8}") = "Migracao", "Migracao", "{2D6C1A96-4C19-49DC-83AA-EB95DA821F6D}"
EndProject
Project("{2150E333-8FDC-42A3-9474-1A3956D46DE8}") = "APIretorno", "APIretorno", "{53BAC71B-7F80-4876-A5C1-61F67987F52D}"
EndProject
Global
	GlobalSection(SolutionConfigurationPlatforms) = preSolution
		Debug|Any CPU = Debug|Any CPU
		Release|Any CPU = Release|Any CPU
	EndGlobalSection
	GlobalSection(ProjectConfigurationPlatforms) = postSolution
		{E6ABFFFC-5025-478B-960C-FADF49EFFCE3}.Debug|Any CPU.ActiveCfg = Debug|Any CPU
		{E6ABFFFC-5025-478B-960C-FADF49EFFCE3}.Debug|Any CPU.Build.0 = Debug|Any CPU
		{E6ABFFFC-5025-478B-960C-FADF49EFFCE3}.Release|Any CPU.ActiveCfg = Release|Any CPU
		{E6ABFFFC-5025-478B-960C-FADF49EFFCE3}.Release|Any CPU.Build.0 = Release|Any CPU
	EndGlobalSection
	GlobalSection(SolutionProperties) = preSolution
		HideSolutionNode = FALSE
	EndGlobalSection
	GlobalSection(NestedProjects) = preSolution
		{E6ABFFFC-5025-478B-960C-FADF49EFFCE3} = {2D6C1A96-4C19-49DC-83AA-EB95DA821F6D}
	EndGlobalSection
	GlobalSection(ExtensibilityGlobals) = postSolution
		SolutionGuid = {A54E835F-6E2E-4E4B-AECF-F41B735288B5}
	EndGlobalSection
EndGlobal
